
Microsoft Visual Studio Solution File, Format Version 12.00
# Visual Studio Version 17
VisualStudioVersion = 17.0.31602.42
MinimumVisualStudioVersion = 10.0.40219.1
Project("{9A19103F-16F7-4668-BE54-9A1E7A4F7556}") = "VisualStudio2022ThemeDemoWebApp", "NewDarkThemeDemoWebApp\VisualStudio2022ThemeDemoWebApp.csproj", "{66893C3C-EBB9-4CD4-937C-9028F306F723}"
EndProject
Project("{9A19103F-16F7-4668-BE54-9A1E7A4F7556}") = "VisualStudio2022ThemeDemoWebAppTests", "NewDarkThemeDemoWebAppTests\VisualStudio2022ThemeDemoWebAppTests.csproj", "{1B447C16-61D5-4282-BCFF-59B4DF462637}"
EndProject
Global
	GlobalSection(SolutionConfigurationPlatforms) = preSolution
		Debug|Any CPU = Debug|Any CPU
		Release|Any CPU = Release|Any CPU
	EndGlobalSection
	GlobalSection(ProjectConfigurationPlatforms) = postSolution
		{66893C3C-EBB9-4CD4-937C-9028F306F723}.Debug|Any CPU.ActiveCfg = Debug|Any CPU
		{66893C3C-EBB9-4CD4-937C-9028F306F723}.Debug|Any CPU.Build.0 = Debug|Any CPU
		{66893C3C-EBB9-4CD4-937C-9028F306F723}.Release|Any CPU.ActiveCfg = Release|Any CPU
		{66893C3C-EBB9-4CD4-937C-9028F306F723}.Release|Any CPU.Build.0 = Release|Any CPU
		{1B447C16-61D5-4282-BCFF-59B4DF462637}.Debug|Any CPU.ActiveCfg = Debug|Any CPU
		{1B447C16-61D5-4282-BCFF-59B4DF462637}.Debug|Any CPU.Build.0 = Debug|Any CPU
		{1B447C16-61D5-4282-BCFF-59B4DF462637}.Release|Any CPU.ActiveCfg = Release|Any CPU
		{1B447C16-61D5-4282-BCFF-59B4DF462637}.Release|Any CPU.Build.0 = Release|Any CPU
	EndGlobalSection
	GlobalSection(SolutionProperties) = preSolution
		HideSolutionNode = FALSE
	EndGlobalSection
	GlobalSection(ExtensibilityGlobals) = postSolution
		SolutionGuid = {42CD7E8C-3438-4B5B-8451-A04FCEC63E5A}
	EndGlobalSection
EndGlobal
